
Microsoft Visual Studio Solution File, Format Version 12.00
# Visual Studio 2010
Project("{FAE04EC0-301F-11D3-BF4B-00C04F79EFBC}") = "OAuth2Client.WebFile", "OAuth2Client.WebFile\OAuth2Client.WebFile.csproj", "{6BDEAC63-0188-4395-AC98-EAC50F2FDCA6}"
EndProject
Project("{FAE04EC0-301F-11D3-BF4B-00C04F79EFBC}") = "OAuth2Client.Common", "OAuth2Client.Common\OAuth2Client.Common.csproj", "{766FE721-218A-4645-9DEC-C4FFDD82F147}"
EndProject
Global
	GlobalSection(SubversionScc) = preSolution
		Svn-Managed = True
		Manager = AnkhSVN - Subversion Support for Visual Studio
	EndGlobalSection
	GlobalSection(SolutionConfigurationPlatforms) = preSolution
		Debug|Any CPU = Debug|Any CPU
		Release|Any CPU = Release|Any CPU
	EndGlobalSection
	GlobalSection(ProjectConfigurationPlatforms) = postSolution
		{6BDEAC63-0188-4395-AC98-EAC50F2FDCA6}.Debug|Any CPU.ActiveCfg = Debug|Any CPU
		{6BDEAC63-0188-4395-AC98-EAC50F2FDCA6}.Debug|Any CPU.Build.0 = Debug|Any CPU
		{6BDEAC63-0188-4395-AC98-EAC50F2FDCA6}.Release|Any CPU.ActiveCfg = Release|Any CPU
		{6BDEAC63-0188-4395-AC98-EAC50F2FDCA6}.Release|Any CPU.Build.0 = Release|Any CPU
		{766FE721-218A-4645-9DEC-C4FFDD82F147}.Debug|Any CPU.ActiveCfg = Debug|Any CPU
		{766FE721-218A-4645-9DEC-C4FFDD82F147}.Debug|Any CPU.Build.0 = Debug|Any CPU
		{766FE721-218A-4645-9DEC-C4FFDD82F147}.Release|Any CPU.ActiveCfg = Release|Any CPU
		{766FE721-218A-4645-9DEC-C4FFDD82F147}.Release|Any CPU.Build.0 = Release|Any CPU
	EndGlobalSection
	GlobalSection(SolutionProperties) = preSolution
		HideSolutionNode = FALSE
	EndGlobalSection
EndGlobal
